// !$*UTF8*$!
{
	archiveVersion = 1;
	classes = {
	};
	objectVersion = 56;
	objects = {

/* Begin PBXBuildFile section */
		5E5D83E12A2266BD00A315B9 /* XcerptApp.swift in Sources */ = {isa = PBXBuildFile; fileRef = 5E5D83E02A2266BD00A315B9 /* XcerptApp.swift */; };
		5E5D83E32A2266BD00A315B9 /* BookHome.swift in Sources */ = {isa = PBXBuildFile; fileRef = 5E5D83E22A2266BD00A315B9 /* BookHome.swift */; };
		5E5D83E52A2266BF00A315B9 /* Assets.xcassets in Resources */ = {isa = PBXBuildFile; fileRef = 5E5D83E42A2266BF00A315B9 /* Assets.xcassets */; };
		5E5D83E82A2266BF00A315B9 /* Preview Assets.xcassets in Resources */ = {isa = PBXBuildFile; fileRef = 5E5D83E72A2266BF00A315B9 /* Preview Assets.xcassets */; };
		5E81BC8E2A2272BA00966585 /* Extensions.swift in Sources */ = {isa = PBXBuildFile; fileRef = 5E81BC8D2A2272BA00966585 /* Extensions.swift */; };
		5E81BC912A22762D00966585 /* Book.swift in Sources */ = {isa = PBXBuildFile; fileRef = 5E81BC902A22762D00966585 /* Book.swift */; };
		5E81BC932A22814E00966585 /* BookAddForm.swift in Sources */ = {isa = PBXBuildFile; fileRef = 5E81BC922A22814E00966585 /* BookAddForm.swift */; };
		5ECC6AC52A25AFBF003FD586 /* BookStore.swift in Sources */ = {isa = PBXBuildFile; fileRef = 5ECC6AC42A25AFBF003FD586 /* BookStore.swift */; };
		5ECC6AC72A25B131003FD586 /* BookRow.swift in Sources */ = {isa = PBXBuildFile; fileRef = 5ECC6AC62A25B131003FD586 /* BookRow.swift */; };
		5ECC6AC92A25B230003FD586 /* AspectVGrid.swift in Sources */ = {isa = PBXBuildFile; fileRef = 5ECC6AC82A25B230003FD586 /* AspectVGrid.swift */; };
		5ECC6ACB2A25B2DE003FD586 /* BookGridItem.swift in Sources */ = {isa = PBXBuildFile; fileRef = 5ECC6ACA2A25B2DE003FD586 /* BookGridItem.swift */; };
		5ECC6ACD2A268D2F003FD586 /* BookFilterForm.swift in Sources */ = {isa = PBXBuildFile; fileRef = 5ECC6ACC2A268D2F003FD586 /* BookFilterForm.swift */; };
		5ECC6AD02A26A294003FD586 /* hikeData.json in Resources */ = {isa = PBXBuildFile; fileRef = 5ECC6ACF2A26A294003FD586 /* hikeData.json */; };
		5ECC6AD22A26A2F7003FD586 /* Excerpt.swift in Sources */ = {isa = PBXBuildFile; fileRef = 5ECC6AD12A26A2F7003FD586 /* Excerpt.swift */; };
		5ECC6AD42A26A448003FD586 /* BookExcerpt.swift in Sources */ = {isa = PBXBuildFile; fileRef = 5ECC6AD32A26A448003FD586 /* BookExcerpt.swift */; };
		5ECC6AD62A26BBA9003FD586 /* BookExcerptHeader.swift in Sources */ = {isa = PBXBuildFile; fileRef = 5ECC6AD52A26BBA9003FD586 /* BookExcerptHeader.swift */; };
		5ECC6AD82A26FA43003FD586 /* ContentView.swift in Sources */ = {isa = PBXBuildFile; fileRef = 5ECC6AD72A26FA43003FD586 /* ContentView.swift */; };
		5ECC6ADA2A27006D003FD586 /* BookRandomExcerpts.swift in Sources */ = {isa = PBXBuildFile; fileRef = 5ECC6AD92A27006D003FD586 /* BookRandomExcerpts.swift */; };
		5ECC6ADC2A27013D003FD586 /* ExcerptView.swift in Sources */ = {isa = PBXBuildFile; fileRef = 5ECC6ADB2A27013D003FD586 /* ExcerptView.swift */; };
		5ECC6ADE2A2704B4003FD586 /* BindingExcerptView.swift in Sources */ = {isa = PBXBuildFile; fileRef = 5ECC6ADD2A2704B4003FD586 /* BindingExcerptView.swift */; };
		5ECC6AE02A27B4B0003FD586 /* CustomBookImage.swift in Sources */ = {isa = PBXBuildFile; fileRef = 5ECC6ADF2A27B4B0003FD586 /* CustomBookImage.swift */; };
		5ECC6AE22A27BAED003FD586 /* BookEditForm.swift in Sources */ = {isa = PBXBuildFile; fileRef = 5ECC6AE12A27BAED003FD586 /* BookEditForm.swift */; };
/* End PBXBuildFile section */

/* Begin PBXFileReference section */
		5E5D83DD2A2266BD00A315B9 /* Xcerpt.app */ = {isa = PBXFileReference; explicitFileType = wrapper.application; includeInIndex = 0; path = Xcerpt.app; sourceTree = BUILT_PRODUCTS_DIR; };
		5E5D83E02A2266BD00A315B9 /* XcerptApp.swift */ = {isa = PBXFileReference; lastKnownFileType = sourcecode.swift; path = XcerptApp.swift; sourceTree = "<group>"; };
		5E5D83E22A2266BD00A315B9 /* BookHome.swift */ = {isa = PBXFileReference; lastKnownFileType = sourcecode.swift; path = BookHome.swift; sourceTree = "<group>"; };
		5E5D83E42A2266BF00A315B9 /* Assets.xcassets */ = {isa = PBXFileReference; lastKnownFileType = folder.assetcatalog; path = Assets.xcassets; sourceTree = "<group>"; };
		5E5D83E72A2266BF00A315B9 /* Preview Assets.xcassets */ = {isa = PBXFileReference; lastKnownFileType = folder.assetcatalog; path = "Preview Assets.xcassets"; sourceTree = "<group>"; };
		5E81BC8D2A2272BA00966585 /* Extensions.swift */ = {isa = PBXFileReference; lastKnownFileType = sourcecode.swift; path = Extensions.swift; sourceTree = "<group>"; };
		5E81BC902A22762D00966585 /* Book.swift */ = {isa = PBXFileReference; lastKnownFileType = sourcecode.swift; path = Book.swift; sourceTree = "<group>"; };
		5E81BC922A22814E00966585 /* BookAddForm.swift */ = {isa = PBXFileReference; lastKnownFileType = sourcecode.swift; path = BookAddForm.swift; sourceTree = "<group>"; };
		5ECC6AC22A247600003FD586 /* Info.plist */ = {isa = PBXFileReference; lastKnownFileType = text.plist; path = Info.plist; sourceTree = "<group>"; };
		5ECC6AC42A25AFBF003FD586 /* BookStore.swift */ = {isa = PBXFileReference; lastKnownFileType = sourcecode.swift; path = BookStore.swift; sourceTree = "<group>"; };
		5ECC6AC62A25B131003FD586 /* BookRow.swift */ = {isa = PBXFileReference; lastKnownFileType = sourcecode.swift; path = BookRow.swift; sourceTree = "<group>"; };
		5ECC6AC82A25B230003FD586 /* AspectVGrid.swift */ = {isa = PBXFileReference; fileEncoding = 4; lastKnownFileType = sourcecode.swift; path = AspectVGrid.swift; sourceTree = "<group>"; };
		5ECC6ACA2A25B2DE003FD586 /* BookGridItem.swift */ = {isa = PBXFileReference; lastKnownFileType = sourcecode.swift; path = BookGridItem.swift; sourceTree = "<group>"; };
		5ECC6ACC2A268D2F003FD586 /* BookFilterForm.swift */ = {isa = PBXFileReference; lastKnownFileType = sourcecode.swift; path = BookFilterForm.swift; sourceTree = "<group>"; };
		5ECC6ACF2A26A294003FD586 /* hikeData.json */ = {isa = PBXFileReference; fileEncoding = 4; lastKnownFileType = text.json; path = hikeData.json; sourceTree = "<group>"; };
		5ECC6AD12A26A2F7003FD586 /* Excerpt.swift */ = {isa = PBXFileReference; lastKnownFileType = sourcecode.swift; path = Excerpt.swift; sourceTree = "<group>"; };
		5ECC6AD32A26A448003FD586 /* BookExcerpt.swift */ = {isa = PBXFileReference; lastKnownFileType = sourcecode.swift; path = BookExcerpt.swift; sourceTree = "<group>"; };
		5ECC6AD52A26BBA9003FD586 /* BookExcerptHeader.swift */ = {isa = PBXFileReference; lastKnownFileType = sourcecode.swift; path = BookExcerptHeader.swift; sourceTree = "<group>"; };
		5ECC6AD72A26FA43003FD586 /* ContentView.swift */ = {isa = PBXFileReference; lastKnownFileType = sourcecode.swift; path = ContentView.swift; sourceTree = "<group>"; };
		5ECC6AD92A27006D003FD586 /* BookRandomExcerpts.swift */ = {isa = PBXFileReference; lastKnownFileType = sourcecode.swift; path = BookRandomExcerpts.swift; sourceTree = "<group>"; };
		5ECC6ADB2A27013D003FD586 /* ExcerptView.swift */ = {isa = PBXFileReference; lastKnownFileType = sourcecode.swift; path = ExcerptView.swift; sourceTree = "<group>"; };
		5ECC6ADD2A2704B4003FD586 /* BindingExcerptView.swift */ = {isa = PBXFileReference; lastKnownFileType = sourcecode.swift; path = BindingExcerptView.swift; sourceTree = "<group>"; };
		5ECC6ADF2A27B4B0003FD586 /* CustomBookImage.swift */ = {isa = PBXFileReference; lastKnownFileType = sourcecode.swift; path = CustomBookImage.swift; sourceTree = "<group>"; };
		5ECC6AE12A27BAED003FD586 /* BookEditForm.swift */ = {isa = PBXFileReference; lastKnownFileType = sourcecode.swift; path = BookEditForm.swift; sourceTree = "<group>"; };
/* End PBXFileReference section */

/* Begin PBXFrameworksBuildPhase section */
		5E5D83DA2A2266BD00A315B9 /* Frameworks */ = {
			isa = PBXFrameworksBuildPhase;
			buildActionMask = 2147483647;
			files = (
			);
			runOnlyForDeploymentPostprocessing = 0;
		};
/* End PBXFrameworksBuildPhase section */

/* Begin PBXGroup section */
		5E5D83D42A2266BD00A315B9 = {
			isa = PBXGroup;
			children = (
				5E5D83DF2A2266BD00A315B9 /* Xcerpt */,
				5E5D83DE2A2266BD00A315B9 /* Products */,
			);
			sourceTree = "<group>";
		};
		5E5D83DE2A2266BD00A315B9 /* Products */ = {
			isa = PBXGroup;
			children = (
				5E5D83DD2A2266BD00A315B9 /* Xcerpt.app */,
			);
			name = Products;
			sourceTree = "<group>";
		};
		5E5D83DF2A2266BD00A315B9 /* Xcerpt */ = {
			isa = PBXGroup;
			children = (
				5ECC6AC22A247600003FD586 /* Info.plist */,
				5E5D83E02A2266BD00A315B9 /* XcerptApp.swift */,
				5E81BC922A22814E00966585 /* BookAddForm.swift */,
				5ECC6AC62A25B131003FD586 /* BookRow.swift */,
				5ECC6AD52A26BBA9003FD586 /* BookExcerptHeader.swift */,
				5ECC6ACA2A25B2DE003FD586 /* BookGridItem.swift */,
				5E5D83E22A2266BD00A315B9 /* BookHome.swift */,
				5ECC6AD72A26FA43003FD586 /* ContentView.swift */,
				5ECC6ADF2A27B4B0003FD586 /* CustomBookImage.swift */,
				5ECC6AE12A27BAED003FD586 /* BookEditForm.swift */,
				5ECC6AD32A26A448003FD586 /* BookExcerpt.swift */,
				5ECC6ADB2A27013D003FD586 /* ExcerptView.swift */,
				5ECC6ADD2A2704B4003FD586 /* BindingExcerptView.swift */,
				5ECC6AD92A27006D003FD586 /* BookRandomExcerpts.swift */,
				5ECC6ACC2A268D2F003FD586 /* BookFilterForm.swift */,
				5ECC6AC82A25B230003FD586 /* AspectVGrid.swift */,
				5E81BC8D2A2272BA00966585 /* Extensions.swift */,
				5ECC6ACE2A26A254003FD586 /* Resources */,
				5ECC6AC32A25ADE9003FD586 /* ViewModel */,
				5E81BC8F2A22761900966585 /* Model */,
				5E5D83E42A2266BF00A315B9 /* Assets.xcassets */,
				5E5D83E62A2266BF00A315B9 /* Preview Content */,
			);
			path = Xcerpt;
			sourceTree = "<group>";
		};
		5E5D83E62A2266BF00A315B9 /* Preview Content */ = {
			isa = PBXGroup;
			children = (
				5E5D83E72A2266BF00A315B9 /* Preview Assets.xcassets */,
			);
			path = "Preview Content";
			sourceTree = "<group>";
		};
		5E81BC8F2A22761900966585 /* Model */ = {
			isa = PBXGroup;
			children = (
				5E81BC902A22762D00966585 /* Book.swift */,
				5ECC6AD12A26A2F7003FD586 /* Excerpt.swift */,
			);
			path = Model;
			sourceTree = "<group>";
		};
		5ECC6AC32A25ADE9003FD586 /* ViewModel */ = {
			isa = PBXGroup;
			children = (
				5ECC6AC42A25AFBF003FD586 /* BookStore.swift */,
			);
			path = ViewModel;
			sourceTree = "<group>";
		};
		5ECC6ACE2A26A254003FD586 /* Resources */ = {
			isa = PBXGroup;
			children = (
				5ECC6ACF2A26A294003FD586 /* hikeData.json */,
			);
			path = Resources;
			sourceTree = "<group>";
		};
/* End PBXGroup section */

/* Begin PBXNativeTarget section */
		5E5D83DC2A2266BD00A315B9 /* Xcerpt */ = {
			isa = PBXNativeTarget;
			buildConfigurationList = 5E5D83EB2A2266BF00A315B9 /* Build configuration list for PBXNativeTarget "Xcerpt" */;
			buildPhases = (
				5E5D83D92A2266BD00A315B9 /* Sources */,
				5E5D83DA2A2266BD00A315B9 /* Frameworks */,
				5E5D83DB2A2266BD00A315B9 /* Resources */,
			);
			buildRules = (
			);
			dependencies = (
			);
			name = Xcerpt;
			productName = Xcerpt;
			productReference = 5E5D83DD2A2266BD00A315B9 /* Xcerpt.app */;
			productType = "com.apple.product-type.application";
		};
/* End PBXNativeTarget section */

/* Begin PBXProject section */
		5E5D83D52A2266BD00A315B9 /* Project object */ = {
			isa = PBXProject;
			attributes = {
				BuildIndependentTargetsInParallel = 1;
				LastSwiftUpdateCheck = 1430;
				LastUpgradeCheck = 1430;
				TargetAttributes = {
					5E5D83DC2A2266BD00A315B9 = {
						CreatedOnToolsVersion = 14.3;
					};
				};
			};
			buildConfigurationList = 5E5D83D82A2266BD00A315B9 /* Build configuration list for PBXProject "Xcerpt" */;
			compatibilityVersion = "Xcode 14.0";
			developmentRegion = en;
			hasScannedForEncodings = 0;
			knownRegions = (
				en,
				Base,
			);
			mainGroup = 5E5D83D42A2266BD00A315B9;
			productRefGroup = 5E5D83DE2A2266BD00A315B9 /* Products */;
			projectDirPath = "";
			projectRoot = "";
			targets = (
				5E5D83DC2A2266BD00A315B9 /* Xcerpt */,
			);
		};
/* End PBXProject section */

/* Begin PBXResourcesBuildPhase section */
		5E5D83DB2A2266BD00A315B9 /* Resources */ = {
			isa = PBXResourcesBuildPhase;
			buildActionMask = 2147483647;
			files = (
				5E5D83E82A2266BF00A315B9 /* Preview Assets.xcassets in Resources */,
				5ECC6AD02A26A294003FD586 /* hikeData.json in Resources */,
				5E5D83E52A2266BF00A315B9 /* Assets.xcassets in Resources */,
			);
			runOnlyForDeploymentPostprocessing = 0;
		};
/* End PBXResourcesBuildPhase section */

/* Begin PBXSourcesBuildPhase section */
		5E5D83D92A2266BD00A315B9 /* Sources */ = {
			isa = PBXSourcesBuildPhase;
			buildActionMask = 2147483647;
			files = (
				5ECC6ACD2A268D2F003FD586 /* BookFilterForm.swift in Sources */,
				5ECC6AD22A26A2F7003FD586 /* Excerpt.swift in Sources */,
				5ECC6ADC2A27013D003FD586 /* ExcerptView.swift in Sources */,
				5ECC6AE22A27BAED003FD586 /* BookEditForm.swift in Sources */,
				5ECC6ADE2A2704B4003FD586 /* BindingExcerptView.swift in Sources */,
				5ECC6AD82A26FA43003FD586 /* ContentView.swift in Sources */,
				5ECC6AC92A25B230003FD586 /* AspectVGrid.swift in Sources */,
				5ECC6AC52A25AFBF003FD586 /* BookStore.swift in Sources */,
				5E81BC912A22762D00966585 /* Book.swift in Sources */,
				5E5D83E32A2266BD00A315B9 /* BookHome.swift in Sources */,
				5ECC6AD42A26A448003FD586 /* BookExcerpt.swift in Sources */,
				5ECC6ACB2A25B2DE003FD586 /* BookGridItem.swift in Sources */,
				5ECC6AD62A26BBA9003FD586 /* BookExcerptHeader.swift in Sources */,
				5E81BC8E2A2272BA00966585 /* Extensions.swift in Sources */,
				5E5D83E12A2266BD00A315B9 /* XcerptApp.swift in Sources */,
				5ECC6ADA2A27006D003FD586 /* BookRandomExcerpts.swift in Sources */,
				5E81BC932A22814E00966585 /* BookAddForm.swift in Sources */,
				5ECC6AC72A25B131003FD586 /* BookRow.swift in Sources */,
				5ECC6AE02A27B4B0003FD586 /* CustomBookImage.swift in Sources */,
			);
			runOnlyForDeploymentPostprocessing = 0;
		};
/* End PBXSourcesBuildPhase section */

/* Begin XCBuildConfiguration section */
		5E5D83E92A2266BF00A315B9 /* Debug */ = {
			isa = XCBuildConfiguration;
			buildSettings = {
				ALWAYS_SEARCH_USER_PATHS = NO;
				CLANG_ANALYZER_NONNULL = YES;
				CLANG_ANALYZER_NUMBER_OBJECT_CONVERSION = YES_AGGRESSIVE;
				CLANG_CXX_LANGUAGE_STANDARD = "gnu++20";
				CLANG_ENABLE_MODULES = YES;
				CLANG_ENABLE_OBJC_ARC = YES;
				CLANG_ENABLE_OBJC_WEAK = YES;
				CLANG_WARN_BLOCK_CAPTURE_AUTORELEASING = YES;
				CLANG_WARN_BOOL_CONVERSION = YES;
				CLANG_WARN_COMMA = YES;
				CLANG_WARN_CONSTANT_CONVERSION = YES;
				CLANG_WARN_DEPRECATED_OBJC_IMPLEMENTATIONS = YES;
				CLANG_WARN_DIRECT_OBJC_ISA_USAGE = YES_ERROR;
				CLANG_WARN_DOCUMENTATION_COMMENTS = YES;
				CLANG_WARN_EMPTY_BODY = YES;
				CLANG_WARN_ENUM_CONVERSION = YES;
				CLANG_WARN_INFINITE_RECURSION = YES;
				CLANG_WARN_INT_CONVERSION = YES;
				CLANG_WARN_NON_LITERAL_NULL_CONVERSION = YES;
				CLANG_WARN_OBJC_IMPLICIT_RETAIN_SELF = YES;
				CLANG_WARN_OBJC_LITERAL_CONVERSION = YES;
				CLANG_WARN_OBJC_ROOT_CLASS = YES_ERROR;
				CLANG_WARN_QUOTED_INCLUDE_IN_FRAMEWORK_HEADER = YES;
				CLANG_WARN_RANGE_LOOP_ANALYSIS = YES;
				CLANG_WARN_STRICT_PROTOTYPES = YES;
				CLANG_WARN_SUSPICIOUS_MOVE = YES;
				CLANG_WARN_UNGUARDED_AVAILABILITY = YES_AGGRESSIVE;
				CLANG_WARN_UNREACHABLE_CODE = YES;
				CLANG_WARN__DUPLICATE_METHOD_MATCH = YES;
				COPY_PHASE_STRIP = NO;
				DEBUG_INFORMATION_FORMAT = dwarf;
				ENABLE_STRICT_OBJC_MSGSEND = YES;
				ENABLE_TESTABILITY = YES;
				GCC_C_LANGUAGE_STANDARD = gnu11;
				GCC_DYNAMIC_NO_PIC = NO;
				GCC_NO_COMMON_BLOCKS = YES;
				GCC_OPTIMIZATION_LEVEL = 0;
				GCC_PREPROCESSOR_DEFINITIONS = (
					"DEBUG=1",
					"$(inherited)",
				);
				GCC_WARN_64_TO_32_BIT_CONVERSION = YES;
				GCC_WARN_ABOUT_RETURN_TYPE = YES_ERROR;
				GCC_WARN_UNDECLARED_SELECTOR = YES;
				GCC_WARN_UNINITIALIZED_AUTOS = YES_AGGRESSIVE;
				GCC_WARN_UNUSED_FUNCTION = YES;
				GCC_WARN_UNUSED_VARIABLE = YES;
				IPHONEOS_DEPLOYMENT_TARGET = 16.4;
				MTL_ENABLE_DEBUG_INFO = INCLUDE_SOURCE;
				MTL_FAST_MATH = YES;
				ONLY_ACTIVE_ARCH = YES;
				SDKROOT = iphoneos;
				SWIFT_ACTIVE_COMPILATION_CONDITIONS = DEBUG;
				SWIFT_OPTIMIZATION_LEVEL = "-Onone";
			};
			name = Debug;
		};
		5E5D83EA2A2266BF00A315B9 /* Release */ = {
			isa = XCBuildConfiguration;
			buildSettings = {
				ALWAYS_SEARCH_USER_PATHS = NO;
				CLANG_ANALYZER_NONNULL = YES;
				CLANG_ANALYZER_NUMBER_OBJECT_CONVERSION = YES_AGGRESSIVE;
				CLANG_CXX_LANGUAGE_STANDARD = "gnu++20";
				CLANG_ENABLE_MODULES = YES;
				CLANG_ENABLE_OBJC_ARC = YES;
				CLANG_ENABLE_OBJC_WEAK = YES;
				CLANG_WARN_BLOCK_CAPTURE_AUTORELEASING = YES;
				CLANG_WARN_BOOL_CONVERSION = YES;
				CLANG_WARN_COMMA = YES;
				CLANG_WARN_CONSTANT_CONVERSION = YES;
				CLANG_WARN_DEPRECATED_OBJC_IMPLEMENTATIONS = YES;
				CLANG_WARN_DIRECT_OBJC_ISA_USAGE = YES_ERROR;
				CLANG_WARN_DOCUMENTATION_COMMENTS = YES;
				CLANG_WARN_EMPTY_BODY = YES;
				CLANG_WARN_ENUM_CONVERSION = YES;
				CLANG_WARN_INFINITE_RECURSION = YES;
				CLANG_WARN_INT_CONVERSION = YES;
				CLANG_WARN_NON_LITERAL_NULL_CONVERSION = YES;
				CLANG_WARN_OBJC_IMPLICIT_RETAIN_SELF = YES;
				CLANG_WARN_OBJC_LITERAL_CONVERSION = YES;
				CLANG_WARN_OBJC_ROOT_CLASS = YES_ERROR;
				CLANG_WARN_QUOTED_INCLUDE_IN_FRAMEWORK_HEADER = YES;
				CLANG_WARN_RANGE_LOOP_ANALYSIS = YES;
				CLANG_WARN_STRICT_PROTOTYPES = YES;
				CLANG_WARN_SUSPICIOUS_MOVE = YES;
				CLANG_WARN_UNGUARDED_AVAILABILITY = YES_AGGRESSIVE;
				CLANG_WARN_UNREACHABLE_CODE = YES;
				CLANG_WARN__DUPLICATE_METHOD_MATCH = YES;
				COPY_PHASE_STRIP = NO;
				DEBUG_INFORMATION_FORMAT = "dwarf-with-dsym";
				ENABLE_NS_ASSERTIONS = NO;
				ENABLE_STRICT_OBJC_MSGSEND = YES;
				GCC_C_LANGUAGE_STANDARD = gnu11;
				GCC_NO_COMMON_BLOCKS = YES;
				GCC_WARN_64_TO_32_BIT_CONVERSION = YES;
				GCC_WARN_ABOUT_RETURN_TYPE = YES_ERROR;
				GCC_WARN_UNDECLARED_SELECTOR = YES;
				GCC_WARN_UNINITIALIZED_AUTOS = YES_AGGRESSIVE;
				GCC_WARN_UNUSED_FUNCTION = YES;
				GCC_WARN_UNUSED_VARIABLE = YES;
				IPHONEOS_DEPLOYMENT_TARGET = 16.4;
				MTL_ENABLE_DEBUG_INFO = NO;
				MTL_FAST_MATH = YES;
				SDKROOT = iphoneos;
				SWIFT_COMPILATION_MODE = wholemodule;
				SWIFT_OPTIMIZATION_LEVEL = "-O";
				VALIDATE_PRODUCT = YES;
			};
			name = Release;
		};
		5E5D83EC2A2266BF00A315B9 /* Debug */ = {
			isa = XCBuildConfiguration;
			buildSettings = {
				ASSETCATALOG_COMPILER_APPICON_NAME = AppIcon;
				ASSETCATALOG_COMPILER_GLOBAL_ACCENT_COLOR_NAME = AccentColor;
				CODE_SIGN_STYLE = Automatic;
				CURRENT_PROJECT_VERSION = 1;
				DEVELOPMENT_ASSET_PATHS = "\"Xcerpt/Preview Content\"";
				DEVELOPMENT_TEAM = WU5L7S97ZR;
				ENABLE_PREVIEWS = YES;
				GENERATE_INFOPLIST_FILE = YES;
				INFOPLIST_FILE = Xcerpt/Info.plist;
				INFOPLIST_KEY_LSApplicationCategoryType = "";
				INFOPLIST_KEY_UIApplicationSceneManifest_Generation = YES;
				INFOPLIST_KEY_UIApplicationSupportsIndirectInputEvents = YES;
				INFOPLIST_KEY_UILaunchScreen_Generation = YES;
				INFOPLIST_KEY_UISupportedInterfaceOrientations_iPad = "UIInterfaceOrientationPortrait UIInterfaceOrientationPortraitUpsideDown UIInterfaceOrientationLandscapeLeft UIInterfaceOrientationLandscapeRight";
				INFOPLIST_KEY_UISupportedInterfaceOrientations_iPhone = "UIInterfaceOrientationPortrait UIInterfaceOrientationLandscapeLeft UIInterfaceOrientationLandscapeRight";
				LD_RUNPATH_SEARCH_PATHS = (
					"$(inherited)",
					"@executable_path/Frameworks",
				);
				MARKETING_VERSION = 1.0;
				PRODUCT_BUNDLE_IDENTIFIER = edu.stanford.cs193p.brnho.Xcerpt;
				PRODUCT_NAME = "$(TARGET_NAME)";
				SWIFT_EMIT_LOC_STRINGS = YES;
				SWIFT_VERSION = 5.0;
				TARGETED_DEVICE_FAMILY = "1,2";
			};
			name = Debug;
		};
		5E5D83ED2A2266BF00A315B9 /* Release */ = {
			isa = XCBuildConfiguration;
			buildSettings = {
				ASSETCATALOG_COMPILER_APPICON_NAME = AppIcon;
				ASSETCATALOG_COMPILER_GLOBAL_ACCENT_COLOR_NAME = AccentColor;
				CODE_SIGN_STYLE = Automatic;
				CURRENT_PROJECT_VERSION = 1;
				DEVELOPMENT_ASSET_PATHS = "\"Xcerpt/Preview Content\"";
				DEVELOPMENT_TEAM = WU5L7S97ZR;
				ENABLE_PREVIEWS = YES;
				GENERATE_INFOPLIST_FILE = YES;
				INFOPLIST_FILE = Xcerpt/Info.plist;
				INFOPLIST_KEY_LSApplicationCategoryType = "";
				INFOPLIST_KEY_UIApplicationSceneManifest_Generation = YES;
				INFOPLIST_KEY_UIApplicationSupportsIndirectInputEvents = YES;
				INFOPLIST_KEY_UILaunchScreen_Generation = YES;
				INFOPLIST_KEY_UISupportedInterfaceOrientations_iPad = "UIInterfaceOrientationPortrait UIInterfaceOrientationPortraitUpsideDown UIInterfaceOrientationLandscapeLeft UIInterfaceOrientationLandscapeRight";
				INFOPLIST_KEY_UISupportedInterfaceOrientations_iPhone = "UIInterfaceOrientationPortrait UIInterfaceOrientationLandscapeLeft UIInterfaceOrientationLandscapeRight";
				LD_RUNPATH_SEARCH_PATHS = (
					"$(inherited)",
					"@executable_path/Frameworks",
				);
				MARKETING_VERSION = 1.0;
				PRODUCT_BUNDLE_IDENTIFIER = edu.stanford.cs193p.brnho.Xcerpt;
				PRODUCT_NAME = "$(TARGET_NAME)";
				SWIFT_EMIT_LOC_STRINGS = YES;
				SWIFT_VERSION = 5.0;
				TARGETED_DEVICE_FAMILY = "1,2";
			};
			name = Release;
		};
/* End XCBuildConfiguration section */

/* Begin XCConfigurationList section */
		5E5D83D82A2266BD00A315B9 /* Build configuration list for PBXProject "Xcerpt" */ = {
			isa = XCConfigurationList;
			buildConfigurations = (
				5E5D83E92A2266BF00A315B9 /* Debug */,
				5E5D83EA2A2266BF00A315B9 /* Release */,
			);
			defaultConfigurationIsVisible = 0;
			defaultConfigurationName = Release;
		};
		5E5D83EB2A2266BF00A315B9 /* Build configuration list for PBXNativeTarget "Xcerpt" */ = {
			isa = XCConfigurationList;
			buildConfigurations = (
				5E5D83EC2A2266BF00A315B9 /* Debug */,
				5E5D83ED2A2266BF00A315B9 /* Release */,
			);
			defaultConfigurationIsVisible = 0;
			defaultConfigurationName = Release;
		};
/* End XCConfigurationList section */
	};
	rootObject = 5E5D83D52A2266BD00A315B9 /* Project object */;
}
